
Microsoft Visual Studio Solution File, Format Version 12.00
# Visual Studio 15
VisualStudioVersion = 15.0.26730.3
MinimumVisualStudioVersion = 10.0.40219.1
Project("{FAE04EC0-301F-11D3-BF4B-00C04F79EFBC}") = "StarSystemGenerator", "StarSystemGenerator.csproj", "{9F4E3F6E-9A0C-40B5-A52B-8511E5DAEE7C}"
EndProject
Project("{FAE04EC0-301F-11D3-BF4B-00C04F79EFBC}") = "StarSystemCore", "..\StarSystemCore\StarSystemCore.csproj", "{EB421294-889D-45F1-96CC-9A50F37843AA}"
EndProject
Project("{FAE04EC0-301F-11D3-BF4B-00C04F79EFBC}") = "StarSystemGenerator.Worker", "..\StarSystemGenerator.Worker\StarSystemGenerator.Worker.csproj", "{D46B5E2F-6A58-4F1D-A80C-4FDF50A96038}"
EndProject
Project("{FAE04EC0-301F-11D3-BF4B-00C04F79EFBC}") = "StarSystemGenerator.Tests", "..\StarSystemGenerator.Tests\StarSystemGenerator.Tests.csproj", "{6F4BDCE8-3488-4FDD-807A-78A29F0CE95E}"
EndProject
Project("{FAE04EC0-301F-11D3-BF4B-00C04F79EFBC}") = "StarSystemFileSystem", "..\StarSystemFileSystem\StarSystemFileSystem.csproj", "{14051C8E-999D-4273-B7F6-D69058A18243}"
EndProject
Project("{FAE04EC0-301F-11D3-BF4B-00C04F79EFBC}") = "StarSystemFileSystem.Tests", "..\StarSystemFileGenerator.Tests\StarSystemFileSystem.Tests.csproj", "{106EB0D5-388E-4681-B604-C3040FDACE7C}"
EndProject
Project("{FAE04EC0-301F-11D3-BF4B-00C04F79EFBC}") = "StarSystemNavigator", "..\StarSystemNavigator\StarSystemNavigator.csproj", "{3A688E1A-AB27-45DC-827E-87066F8AD187}"
EndProject
Global
	GlobalSection(SolutionConfigurationPlatforms) = preSolution
		Debug|Any CPU = Debug|Any CPU
		Release|Any CPU = Release|Any CPU
	EndGlobalSection
	GlobalSection(ProjectConfigurationPlatforms) = postSolution
		{9F4E3F6E-9A0C-40B5-A52B-8511E5DAEE7C}.Debug|Any CPU.ActiveCfg = Debug|Any CPU
		{9F4E3F6E-9A0C-40B5-A52B-8511E5DAEE7C}.Debug|Any CPU.Build.0 = Debug|Any CPU
		{9F4E3F6E-9A0C-40B5-A52B-8511E5DAEE7C}.Release|Any CPU.ActiveCfg = Release|Any CPU
		{9F4E3F6E-9A0C-40B5-A52B-8511E5DAEE7C}.Release|Any CPU.Build.0 = Release|Any CPU
		{EB421294-889D-45F1-96CC-9A50F37843AA}.Debug|Any CPU.ActiveCfg = Debug|Any CPU
		{EB421294-889D-45F1-96CC-9A50F37843AA}.Debug|Any CPU.Build.0 = Debug|Any CPU
		{EB421294-889D-45F1-96CC-9A50F37843AA}.Release|Any CPU.ActiveCfg = Release|Any CPU
		{EB421294-889D-45F1-96CC-9A50F37843AA}.Release|Any CPU.Build.0 = Release|Any CPU
		{D46B5E2F-6A58-4F1D-A80C-4FDF50A96038}.Debug|Any CPU.ActiveCfg = Debug|Any CPU
		{D46B5E2F-6A58-4F1D-A80C-4FDF50A96038}.Debug|Any CPU.Build.0 = Debug|Any CPU
		{D46B5E2F-6A58-4F1D-A80C-4FDF50A96038}.Release|Any CPU.ActiveCfg = Release|Any CPU
		{D46B5E2F-6A58-4F1D-A80C-4FDF50A96038}.Release|Any CPU.Build.0 = Release|Any CPU
		{6F4BDCE8-3488-4FDD-807A-78A29F0CE95E}.Debug|Any CPU.ActiveCfg = Debug|Any CPU
		{6F4BDCE8-3488-4FDD-807A-78A29F0CE95E}.Debug|Any CPU.Build.0 = Debug|Any CPU
		{6F4BDCE8-3488-4FDD-807A-78A29F0CE95E}.Release|Any CPU.ActiveCfg = Release|Any CPU
		{6F4BDCE8-3488-4FDD-807A-78A29F0CE95E}.Release|Any CPU.Build.0 = Release|Any CPU
		{14051C8E-999D-4273-B7F6-D69058A18243}.Debug|Any CPU.ActiveCfg = Debug|Any CPU
		{14051C8E-999D-4273-B7F6-D69058A18243}.Debug|Any CPU.Build.0 = Debug|Any CPU
		{14051C8E-999D-4273-B7F6-D69058A18243}.Release|Any CPU.ActiveCfg = Release|Any CPU
		{14051C8E-999D-4273-B7F6-D69058A18243}.Release|Any CPU.Build.0 = Release|Any CPU
		{106EB0D5-388E-4681-B604-C3040FDACE7C}.Debug|Any CPU.ActiveCfg = Debug|Any CPU
		{106EB0D5-388E-4681-B604-C3040FDACE7C}.Debug|Any CPU.Build.0 = Debug|Any CPU
		{106EB0D5-388E-4681-B604-C3040FDACE7C}.Release|Any CPU.ActiveCfg = Release|Any CPU
		{106EB0D5-388E-4681-B604-C3040FDACE7C}.Release|Any CPU.Build.0 = Release|Any CPU
		{3A688E1A-AB27-45DC-827E-87066F8AD187}.Debug|Any CPU.ActiveCfg = Debug|Any CPU
		{3A688E1A-AB27-45DC-827E-87066F8AD187}.Debug|Any CPU.Build.0 = Debug|Any CPU
		{3A688E1A-AB27-45DC-827E-87066F8AD187}.Release|Any CPU.ActiveCfg = Release|Any CPU
		{3A688E1A-AB27-45DC-827E-87066F8AD187}.Release|Any CPU.Build.0 = Release|Any CPU
	EndGlobalSection
	GlobalSection(SolutionProperties) = preSolution
		HideSolutionNode = FALSE
	EndGlobalSection
	GlobalSection(ExtensibilityGlobals) = postSolution
		SolutionGuid = {EB43A566-0E4D-4CEF-BBFC-0FFA727BDF4A}
	EndGlobalSection
EndGlobal
